{
  "nodes": {
    "home-manager": {
      "inputs": {
        "nixpkgs": [
          "nixpkgs"
        ]
      },
      "locked": {
        "lastModified": 1650784624,
        "narHash": "sha256-RTYGFBlxEmhhLLH9UfObyz2d4alhCSf6NQpyID7Mqvg=",
        "owner": "nix-community",
        "repo": "home-manager",
        "rev": "65a32578d9b1394bea5c6336721ec392aadc89fb",
        "type": "github"
      },
      "original": {
        "owner": "nix-community",
        "repo": "home-manager",
        "type": "github"
      }
    },
    "nix-colors": {
      "locked": {
        "lastModified": 1644753863,
        "narHash": "sha256-Mc+EIc8p4x3wqAcR7JL2njgv5St9t0booUYvS9z5Jf8=",
        "owner": "misterio77",
        "repo": "nix-colors",
        "rev": "95a55cd97d7920211d5e2e8d154c65c36c92a50f",
        "type": "github"
      },
      "original": {
        "owner": "misterio77",
        "repo": "nix-colors",
        "type": "github"
      }
    },
    "nixpkgs": {
      "locked": {
        "lastModified": 1650701402,
        "narHash": "sha256-XKfstdtqDg+O+gNBx1yGVKWIhLgfEDg/e2lvJSsp9vU=",
        "owner": "nixos",
        "repo": "nixpkgs",
        "rev": "bc41b01dd7a9fdffd32d9b03806798797532a5fe",
        "type": "github"
      },
      "original": {
        "owner": "nixos",
        "ref": "nixos-unstable",
        "repo": "nixpkgs",
        "type": "github"
      }
    },
    "root": {
      "inputs": {
        "home-manager": "home-manager",
        "nix-colors": "nix-colors",
        "nixpkgs": "nixpkgs"
      }
    }
  },
  "root": "root",
  "version": 7
}
